<?xml version="1.0" encoding="utf-8"?>
<Project ToolsVersion="4.0" xmlns="http://schemas.microsoft.com/developer/msbuild/2003">
  <ItemGroup>
    <ClCompile Include="main.cpp" />
    <ClCompile Include="types\ball.cpp">
      <Filter>types</Filter>
    </ClCompile>
    <ClCompile Include="types\brick.cpp">
      <Filter>types</Filter>
    </ClCompile>
    <ClCompile Include="types\paddle.cpp">
      <Filter>types</Filter>
    </ClCompile>
    <ClCompile Include="types\shapehelper.cpp">
      <Filter>types</Filter>
    </ClCompile>
    <ClCompile Include="stdafx.cpp" />
    <ClCompile Include="infrastructure\buttons.cpp">
      <Filter>infrastructure</Filter>
    </ClCompile>
    <ClCompile Include="infrastructure\gameover.cpp">
      <Filter>infrastructure</Filter>
    </ClCompile>
    <ClCompile Include="infrastructure\menu.cpp">
      <Filter>infrastructure</Filter>
    </ClCompile>
  </ItemGroup>
  <ItemGroup>
    <Filter Include="types">
      <UniqueIdentifier>{f2c1fbe3-d235-40a7-8de7-130d4385b596}</UniqueIdentifier>
    </Filter>
    <Filter Include="resources">
      <UniqueIdentifier>{8c3984aa-6971-45cb-8f35-e51cc2df5a08}</UniqueIdentifier>
    </Filter>
    <Filter Include="types\interfaces">
      <UniqueIdentifier>{f06046c0-753e-4f18-96ea-46efe48d02bc}</UniqueIdentifier>
    </Filter>
    <Filter Include="infrastructure">
      <UniqueIdentifier>{92b3aff9-3526-4db6-8b35-97e6d8b00d00}</UniqueIdentifier>
    </Filter>
  </ItemGroup>
  <ItemGroup>
    <ClInclude Include="arkanoid.h" />
    <ClInclude Include="types\ball.h">
      <Filter>types</Filter>
    </ClInclude>
    <ClInclude Include="types\brick.h">
      <Filter>types</Filter>
    </ClInclude>
    <ClInclude Include="types\paddle.h">
      <Filter>types</Filter>
    </ClInclude>
    <ClInclude Include="resources\settings.h">
      <Filter>resources</Filter>
    </ClInclude>
    <ClInclude Include="types\interfaces\i2dshape.h">
      <Filter>types\interfaces</Filter>
    </ClInclude>
    <ClInclude Include="types\shapehelper.h">
      <Filter>types</Filter>
    </ClInclude>
    <ClInclude Include="stdafx.h" />
    <ClInclude Include="infrastructure\menu.h">
      <Filter>infrastructure</Filter>
    </ClInclude>
    <ClInclude Include="infrastructure\buttons.h">
      <Filter>infrastructure</Filter>
    </ClInclude>
    <ClInclude Include="infrastructure\gameover.h">
      <Filter>infrastructure</Filter>
    </ClInclude>
  </ItemGroup>
</Project>